// !$*UTF8*$!
{
	archiveVersion = 1;
	classes = {
	};
	objectVersion = 77;
	objects = {

/* Begin PBXBuildFile section */
		5063068A2FD0618900CE5736 /* NavidromeAPIClientTests.swift in Sources */ = {isa = PBXBuildFile; fileRef = 506306762FD01EBF00CE5736 /* NavidromeAPIClientTests.swift */; };
		5063068B2FD0618900CE5736 /* NavidromeCredentialsTests.swift in Sources */ = {isa = PBXBuildFile; fileRef = 506306772FD01EBF00CE5736 /* NavidromeCredentialsTests.swift */; };
		5063068C2FD0618900CE5736 /* AppleMusicSnapshotTests.swift in Sources */ = {isa = PBXBuildFile; fileRef = 506306752FD01EBF00CE5736 /* AppleMusicSnapshotTests.swift */; };
		5063068D2FD0618900CE5736 /* PlaybackStateTests.swift in Sources */ = {isa = PBXBuildFile; fileRef = 506306782FD01EBF00CE5736 /* PlaybackStateTests.swift */; };
		5063068E2FD0618900CE5736 /* SubsonicMappingTests.swift in Sources */ = {isa = PBXBuildFile; fileRef = 5063067A2FD01EBF00CE5736 /* SubsonicMappingTests.swift */; };
		5063068F2FD0618900CE5736 /* AppleMusicNowPlayingProviderTests.swift in Sources */ = {isa = PBXBuildFile; fileRef = 506306742FD01EBF00CE5736 /* AppleMusicNowPlayingProviderTests.swift */; };
		506306902FD0618900CE5736 /* ProviderFactoryTests.swift in Sources */ = {isa = PBXBuildFile; fileRef = 506306792FD01EBF00CE5736 /* ProviderFactoryTests.swift */; };
/* End PBXBuildFile section */

/* Begin PBXContainerItemProxy section */
		50922B4A2FCCA356009EE661 /* PBXContainerItemProxy */ = {
			isa = PBXContainerItemProxy;
			containerPortal = 50922AC22FC97627009EE661 /* Project object */;
			proxyType = 1;
			remoteGlobalIDString = 50922AC92FC97627009EE661;
			remoteInfo = navic;
		};
/* End PBXContainerItemProxy section */

/* Begin PBXFileReference section */
		506306742FD01EBF00CE5736 /* AppleMusicNowPlayingProviderTests.swift */ = {isa = PBXFileReference; lastKnownFileType = sourcecode.swift; path = AppleMusicNowPlayingProviderTests.swift; sourceTree = "<group>"; };
		506306752FD01EBF00CE5736 /* AppleMusicSnapshotTests.swift */ = {isa = PBXFileReference; lastKnownFileType = sourcecode.swift; path = AppleMusicSnapshotTests.swift; sourceTree = "<group>"; };
		506306762FD01EBF00CE5736 /* NavidromeAPIClientTests.swift */ = {isa = PBXFileReference; lastKnownFileType = sourcecode.swift; path = NavidromeAPIClientTests.swift; sourceTree = "<group>"; };
		506306772FD01EBF00CE5736 /* NavidromeCredentialsTests.swift */ = {isa = PBXFileReference; lastKnownFileType = sourcecode.swift; path = NavidromeCredentialsTests.swift; sourceTree = "<group>"; };
		506306782FD01EBF00CE5736 /* PlaybackStateTests.swift */ = {isa = PBXFileReference; lastKnownFileType = sourcecode.swift; path = PlaybackStateTests.swift; sourceTree = "<group>"; };
		506306792FD01EBF00CE5736 /* ProviderFactoryTests.swift */ = {isa = PBXFileReference; lastKnownFileType = sourcecode.swift; path = ProviderFactoryTests.swift; sourceTree = "<group>"; };
		5063067A2FD01EBF00CE5736 /* SubsonicMappingTests.swift */ = {isa = PBXFileReference; lastKnownFileType = sourcecode.swift; path = SubsonicMappingTests.swift; sourceTree = "<group>"; };
		50922ACA2FC97627009EE661 /* navic.app */ = {isa = PBXFileReference; explicitFileType = wrapper.application; includeInIndex = 0; path = navic.app; sourceTree = BUILT_PRODUCTS_DIR; };
		50922B462FCCA356009EE661 /* navicTests.xctest */ = {isa = PBXFileReference; explicitFileType = wrapper.cfbundle; includeInIndex = 0; path = navicTests.xctest; sourceTree = BUILT_PRODUCTS_DIR; };
		50E87A2F2FD0B1F0009B5730 /* navic.xctestplan */ = {isa = PBXFileReference; lastKnownFileType = text; path = navic.xctestplan; sourceTree = "<group>"; };
/* End PBXFileReference section */

/* Begin PBXFileSystemSynchronizedRootGroup section */
		50922ACC2FC97627009EE661 /* navic */ = {
			isa = PBXFileSystemSynchronizedRootGroup;
			path = navic;
			sourceTree = "<group>";
		};
/* End PBXFileSystemSynchronizedRootGroup section */

/* Begin PBXFrameworksBuildPhase section */
		50922AC72FC97627009EE661 /* Frameworks */ = {
			isa = PBXFrameworksBuildPhase;
			buildActionMask = 2147483647;
			files = (
			);
			runOnlyForDeploymentPostprocessing = 0;
		};
		50922B432FCCA356009EE661 /* Frameworks */ = {
			isa = PBXFrameworksBuildPhase;
			buildActionMask = 2147483647;
			files = (
			);
			runOnlyForDeploymentPostprocessing = 0;
		};
/* End PBXFrameworksBuildPhase section */

/* Begin PBXGroup section */
		5063067B2FD01EBF00CE5736 /* navicTests */ = {
			isa = PBXGroup;
			children = (
				506306742FD01EBF00CE5736 /* AppleMusicNowPlayingProviderTests.swift */,
				506306752FD01EBF00CE5736 /* AppleMusicSnapshotTests.swift */,
				506306762FD01EBF00CE5736 /* NavidromeAPIClientTests.swift */,
				506306772FD01EBF00CE5736 /* NavidromeCredentialsTests.swift */,
				506306782FD01EBF00CE5736 /* PlaybackStateTests.swift */,
				506306792FD01EBF00CE5736 /* ProviderFactoryTests.swift */,
				5063067A2FD01EBF00CE5736 /* SubsonicMappingTests.swift */,
			);
			path = navicTests;
			sourceTree = "<group>";
		};
		50922AC12FC97627009EE661 = {
			isa = PBXGroup;
			children = (
				50E87A2F2FD0B1F0009B5730 /* navic.xctestplan */,
				5063067B2FD01EBF00CE5736 /* navicTests */,
				50922ACC2FC97627009EE661 /* navic */,
				50922B3F2FC9BD25009EE661 /* Frameworks */,
				50922ACB2FC97627009EE661 /* Products */,
			);
			sourceTree = "<group>";
		};
		50922ACB2FC97627009EE661 /* Products */ = {
			isa = PBXGroup;
			children = (
				50922ACA2FC97627009EE661 /* navic.app */,
				50922B462FCCA356009EE661 /* navicTests.xctest */,
			);
			name = Products;
			sourceTree = "<group>";
		};
		50922B3F2FC9BD25009EE661 /* Frameworks */ = {
			isa = PBXGroup;
			children = (
			);
			name = Frameworks;
			sourceTree = "<group>";
		};
/* End PBXGroup section */

/* Begin PBXNativeTarget section */
		50922AC92FC97627009EE661 /* navic */ = {
			isa = PBXNativeTarget;
			buildConfigurationList = 50922AD52FC97629009EE661 /* Build configuration list for PBXNativeTarget "navic" */;
			buildPhases = (
				50922AC62FC97627009EE661 /* Sources */,
				50922AC72FC97627009EE661 /* Frameworks */,
				50922AC82FC97627009EE661 /* Resources */,
			);
			buildRules = (
			);
			dependencies = (
			);
			fileSystemSynchronizedGroups = (
				50922ACC2FC97627009EE661 /* navic */,
			);
			name = navic;
			packageProductDependencies = (
			);
			productName = navic;
			productReference = 50922ACA2FC97627009EE661 /* navic.app */;
			productType = "com.apple.product-type.application";
		};
		50922B452FCCA356009EE661 /* navicTests */ = {
			isa = PBXNativeTarget;
			buildConfigurationList = 50922B4C2FCCA356009EE661 /* Build configuration list for PBXNativeTarget "navicTests" */;
			buildPhases = (
				50922B422FCCA356009EE661 /* Sources */,
				50922B432FCCA356009EE661 /* Frameworks */,
				50922B442FCCA356009EE661 /* Resources */,
			);
			buildRules = (
			);
			dependencies = (
				50922B4B2FCCA356009EE661 /* PBXTargetDependency */,
			);
			name = navicTests;
			packageProductDependencies = (
			);
			productName = navicTests;
			productReference = 50922B462FCCA356009EE661 /* navicTests.xctest */;
			productType = "com.apple.product-type.bundle.unit-test";
		};
/* End PBXNativeTarget section */

/* Begin PBXProject section */
		50922AC22FC97627009EE661 /* Project object */ = {
			isa = PBXProject;
			attributes = {
				BuildIndependentTargetsInParallel = 1;
				LastSwiftUpdateCheck = 2650;
				LastUpgradeCheck = 2650;
				TargetAttributes = {
					50922AC92FC97627009EE661 = {
						CreatedOnToolsVersion = 26.5;
					};
					50922B452FCCA356009EE661 = {
						CreatedOnToolsVersion = 26.5;
						TestTargetID = 50922AC92FC97627009EE661;
					};
				};
			};
			buildConfigurationList = 50922AC52FC97627009EE661 /* Build configuration list for PBXProject "navic" */;
			developmentRegion = en;
			hasScannedForEncodings = 0;
			knownRegions = (
				en,
				Base,
			);
			mainGroup = 50922AC12FC97627009EE661;
			minimizedProjectReferenceProxies = 1;
			preferredProjectObjectVersion = 77;
			productRefGroup = 50922ACB2FC97627009EE661 /* Products */;
			projectDirPath = "";
			projectRoot = "";
			targets = (
				50922AC92FC97627009EE661 /* navic */,
				50922B452FCCA356009EE661 /* navicTests */,
			);
		};
/* End PBXProject section */

/* Begin PBXResourcesBuildPhase section */
		50922AC82FC97627009EE661 /* Resources */ = {
			isa = PBXResourcesBuildPhase;
			buildActionMask = 2147483647;
			files = (
			);
			runOnlyForDeploymentPostprocessing = 0;
		};
		50922B442FCCA356009EE661 /* Resources */ = {
			isa = PBXResourcesBuildPhase;
			buildActionMask = 2147483647;
			files = (
			);
			runOnlyForDeploymentPostprocessing = 0;
		};
/* End PBXResourcesBuildPhase section */

/* Begin PBXSourcesBuildPhase section */
		50922AC62FC97627009EE661 /* Sources */ = {
			isa = PBXSourcesBuildPhase;
			buildActionMask = 2147483647;
			files = (
			);
			runOnlyForDeploymentPostprocessing = 0;
		};
		50922B422FCCA356009EE661 /* Sources */ = {
			isa = PBXSourcesBuildPhase;
			buildActionMask = 2147483647;
			files = (
				5063068A2FD0618900CE5736 /* NavidromeAPIClientTests.swift in Sources */,
				5063068B2FD0618900CE5736 /* NavidromeCredentialsTests.swift in Sources */,
				5063068C2FD0618900CE5736 /* AppleMusicSnapshotTests.swift in Sources */,
				5063068D2FD0618900CE5736 /* PlaybackStateTests.swift in Sources */,
				5063068E2FD0618900CE5736 /* SubsonicMappingTests.swift in Sources */,
				5063068F2FD0618900CE5736 /* AppleMusicNowPlayingProviderTests.swift in Sources */,
				506306902FD0618900CE5736 /* ProviderFactoryTests.swift in Sources */,
			);
			runOnlyForDeploymentPostprocessing = 0;
		};
/* End PBXSourcesBuildPhase section */

/* Begin PBXTargetDependency section */
		50922B4B2FCCA356009EE661 /* PBXTargetDependency */ = {
			isa = PBXTargetDependency;
			target = 50922AC92FC97627009EE661 /* navic */;
			targetProxy = 50922B4A2FCCA356009EE661 /* PBXContainerItemProxy */;
		};
/* End PBXTargetDependency section */

/* Begin XCBuildConfiguration section */
		50922AD32FC97629009EE661 /* Debug */ = {
			isa = XCBuildConfiguration;
			buildSettings = {
				ALWAYS_SEARCH_USER_PATHS = NO;
				ASSETCATALOG_COMPILER_GENERATE_SWIFT_ASSET_SYMBOL_EXTENSIONS = YES;
				CLANG_ANALYZER_NONNULL = YES;
				CLANG_ANALYZER_NUMBER_OBJECT_CONVERSION = YES_AGGRESSIVE;
				CLANG_CXX_LANGUAGE_STANDARD = "gnu++20";
				CLANG_ENABLE_MODULES = YES;
				CLANG_ENABLE_OBJC_ARC = YES;
				CLANG_ENABLE_OBJC_WEAK = YES;
				CLANG_WARN_BLOCK_CAPTURE_AUTORELEASING = YES;
				CLANG_WARN_BOOL_CONVERSION = YES;
				CLANG_WARN_COMMA = YES;
				CLANG_WARN_CONSTANT_CONVERSION = YES;
				CLANG_WARN_DEPRECATED_OBJC_IMPLEMENTATIONS = YES;
				CLANG_WARN_DIRECT_OBJC_ISA_USAGE = YES_ERROR;
				CLANG_WARN_DOCUMENTATION_COMMENTS = YES;
				CLANG_WARN_EMPTY_BODY = YES;
				CLANG_WARN_ENUM_CONVERSION = YES;
				CLANG_WARN_INFINITE_RECURSION = YES;
				CLANG_WARN_INT_CONVERSION = YES;
				CLANG_WARN_NON_LITERAL_NULL_CONVERSION = YES;
				CLANG_WARN_OBJC_IMPLICIT_RETAIN_SELF = YES;
				CLANG_WARN_OBJC_LITERAL_CONVERSION = YES;
				CLANG_WARN_OBJC_ROOT_CLASS = YES_ERROR;
				CLANG_WARN_QUOTED_INCLUDE_IN_FRAMEWORK_HEADER = YES;
				CLANG_WARN_RANGE_LOOP_ANALYSIS = YES;
				CLANG_WARN_STRICT_PROTOTYPES = YES;
				CLANG_WARN_SUSPICIOUS_MOVE = YES;
				CLANG_WARN_UNGUARDED_AVAILABILITY = YES_AGGRESSIVE;
				CLANG_WARN_UNREACHABLE_CODE = YES;
				CLANG_WARN__DUPLICATE_METHOD_MATCH = YES;
				COPY_PHASE_STRIP = NO;
				DEBUG_INFORMATION_FORMAT = dwarf;
				ENABLE_STRICT_OBJC_MSGSEND = YES;
				ENABLE_TESTABILITY = YES;
				ENABLE_USER_SCRIPT_SANDBOXING = YES;
				GCC_C_LANGUAGE_STANDARD = gnu17;
				GCC_DYNAMIC_NO_PIC = NO;
				GCC_NO_COMMON_BLOCKS = YES;
				GCC_OPTIMIZATION_LEVEL = 0;
				GCC_PREPROCESSOR_DEFINITIONS = (
					"DEBUG=1",
					"$(inherited)",
				);
				GCC_WARN_64_TO_32_BIT_CONVERSION = YES;
				GCC_WARN_ABOUT_RETURN_TYPE = YES_ERROR;
				GCC_WARN_UNDECLARED_SELECTOR = YES;
				GCC_WARN_UNINITIALIZED_AUTOS = YES_AGGRESSIVE;
				GCC_WARN_UNUSED_FUNCTION = YES;
				GCC_WARN_UNUSED_VARIABLE = YES;
				LOCALIZATION_PREFERS_STRING_CATALOGS = YES;
				MACOSX_DEPLOYMENT_TARGET = 26.5;
				MTL_ENABLE_DEBUG_INFO = INCLUDE_SOURCE;
				MTL_FAST_MATH = YES;
				ONLY_ACTIVE_ARCH = YES;
				SDKROOT = macosx;
				SWIFT_ACTIVE_COMPILATION_CONDITIONS = "DEBUG $(inherited)";
				SWIFT_OPTIMIZATION_LEVEL = "-Onone";
			};
			name = Debug;
		};
		50922AD42FC97629009EE661 /* Release */ = {
			isa = XCBuildConfiguration;
			buildSettings = {
				ALWAYS_SEARCH_USER_PATHS = NO;
				ASSETCATALOG_COMPILER_GENERATE_SWIFT_ASSET_SYMBOL_EXTENSIONS = YES;
				CLANG_ANALYZER_NONNULL = YES;
				CLANG_ANALYZER_NUMBER_OBJECT_CONVERSION = YES_AGGRESSIVE;
				CLANG_CXX_LANGUAGE_STANDARD = "gnu++20";
				CLANG_ENABLE_MODULES = YES;
				CLANG_ENABLE_OBJC_ARC = YES;
				CLANG_ENABLE_OBJC_WEAK = YES;
				CLANG_WARN_BLOCK_CAPTURE_AUTORELEASING = YES;
				CLANG_WARN_BOOL_CONVERSION = YES;
				CLANG_WARN_COMMA = YES;
				CLANG_WARN_CONSTANT_CONVERSION = YES;
				CLANG_WARN_DEPRECATED_OBJC_IMPLEMENTATIONS = YES;
				CLANG_WARN_DIRECT_OBJC_ISA_USAGE = YES_ERROR;
				CLANG_WARN_DOCUMENTATION_COMMENTS = YES;
				CLANG_WARN_EMPTY_BODY = YES;
				CLANG_WARN_ENUM_CONVERSION = YES;
				CLANG_WARN_INFINITE_RECURSION = YES;
				CLANG_WARN_INT_CONVERSION = YES;
				CLANG_WARN_NON_LITERAL_NULL_CONVERSION = YES;
				CLANG_WARN_OBJC_IMPLICIT_RETAIN_SELF = YES;
				CLANG_WARN_OBJC_LITERAL_CONVERSION = YES;
				CLANG_WARN_OBJC_ROOT_CLASS = YES_ERROR;
				CLANG_WARN_QUOTED_INCLUDE_IN_FRAMEWORK_HEADER = YES;
				CLANG_WARN_RANGE_LOOP_ANALYSIS = YES;
				CLANG_WARN_STRICT_PROTOTYPES = YES;
				CLANG_WARN_SUSPICIOUS_MOVE = YES;
				CLANG_WARN_UNGUARDED_AVAILABILITY = YES_AGGRESSIVE;
				CLANG_WARN_UNREACHABLE_CODE = YES;
				CLANG_WARN__DUPLICATE_METHOD_MATCH = YES;
				COPY_PHASE_STRIP = NO;
				DEBUG_INFORMATION_FORMAT = "dwarf-with-dsym";
				ENABLE_NS_ASSERTIONS = NO;
				ENABLE_STRICT_OBJC_MSGSEND = YES;
				ENABLE_USER_SCRIPT_SANDBOXING = YES;
				GCC_C_LANGUAGE_STANDARD = gnu17;
				GCC_NO_COMMON_BLOCKS = YES;
				GCC_WARN_64_TO_32_BIT_CONVERSION = YES;
				GCC_WARN_ABOUT_RETURN_TYPE = YES_ERROR;
				GCC_WARN_UNDECLARED_SELECTOR = YES;
				GCC_WARN_UNINITIALIZED_AUTOS = YES_AGGRESSIVE;
				GCC_WARN_UNUSED_FUNCTION = YES;
				GCC_WARN_UNUSED_VARIABLE = YES;
				LOCALIZATION_PREFERS_STRING_CATALOGS = YES;
				MACOSX_DEPLOYMENT_TARGET = 26.5;
				MTL_ENABLE_DEBUG_INFO = NO;
				MTL_FAST_MATH = YES;
				SDKROOT = macosx;
				SWIFT_COMPILATION_MODE = wholemodule;
			};
			name = Release;
		};
		50922AD62FC97629009EE661 /* Debug */ = {
			isa = XCBuildConfiguration;
			buildSettings = {
				ASSETCATALOG_COMPILER_APPICON_NAME = AppIcon;
				ASSETCATALOG_COMPILER_GLOBAL_ACCENT_COLOR_NAME = AccentColor;
				ASSETCATALOG_COMPILER_INCLUDE_ALL_APPICON_ASSETS = YES;
				AUTOMATION_APPLE_EVENTS = YES;
				CODE_SIGN_ENTITLEMENTS = navic/navic.entitlements;
				CODE_SIGN_STYLE = Automatic;
				COMBINE_HIDPI_IMAGES = YES;
				CURRENT_PROJECT_VERSION = 1;
				DEVELOPMENT_ASSET_PATHS = "";
				ENABLE_APP_SANDBOX = YES;
				ENABLE_INCOMING_NETWORK_CONNECTIONS = NO;
				ENABLE_OUTGOING_NETWORK_CONNECTIONS = YES;
				ENABLE_PREVIEWS = YES;
				ENABLE_RESOURCE_ACCESS_AUDIO_INPUT = NO;
				ENABLE_RESOURCE_ACCESS_BLUETOOTH = NO;
				ENABLE_RESOURCE_ACCESS_CALENDARS = NO;
				ENABLE_RESOURCE_ACCESS_CAMERA = NO;
				ENABLE_RESOURCE_ACCESS_CONTACTS = NO;
				ENABLE_RESOURCE_ACCESS_LOCATION = NO;
				ENABLE_RESOURCE_ACCESS_PRINTING = NO;
				ENABLE_RESOURCE_ACCESS_USB = NO;
				ENABLE_USER_SELECTED_FILES = readonly;
				GENERATE_INFOPLIST_FILE = YES;
				INFOPLIST_KEY_CFBundleDisplayName = Navic;
				INFOPLIST_KEY_LSApplicationCategoryType = "public.app-category.utilities";
				INFOPLIST_KEY_NSAppleEventsUsageDescription = "Navic reads the currently playing track from the Music app when Apple Music is the selected source.";
				INFOPLIST_KEY_NSHumanReadableCopyright = "";
				LD_RUNPATH_SEARCH_PATHS = (
					"$(inherited)",
					"@executable_path/../Frameworks",
				);
				MACOSX_DEPLOYMENT_TARGET = 14.6;
				MARKETING_VERSION = 1.0;
				PRODUCT_BUNDLE_IDENTIFIER = com.freakware.navic;
				PRODUCT_NAME = "$(TARGET_NAME)";
				REGISTER_APP_GROUPS = YES;
				STRING_CATALOG_GENERATE_SYMBOLS = YES;
				SWIFT_APPROACHABLE_CONCURRENCY = YES;
				SWIFT_DEFAULT_ACTOR_ISOLATION = MainActor;
				SWIFT_EMIT_LOC_STRINGS = YES;
				SWIFT_UPCOMING_FEATURE_MEMBER_IMPORT_VISIBILITY = YES;
				SWIFT_VERSION = 5.0;
			};
			name = Debug;
		};
		50922AD72FC97629009EE661 /* Release */ = {
			isa = XCBuildConfiguration;
			buildSettings = {
				ASSETCATALOG_COMPILER_APPICON_NAME = AppIcon;
				ASSETCATALOG_COMPILER_GLOBAL_ACCENT_COLOR_NAME = AccentColor;
				ASSETCATALOG_COMPILER_INCLUDE_ALL_APPICON_ASSETS = YES;
				AUTOMATION_APPLE_EVENTS = YES;
				CODE_SIGN_ENTITLEMENTS = navic/navic.entitlements;
				"CODE_SIGN_IDENTITY[sdk=macosx*]" = "Apple Development";
				CODE_SIGN_STYLE = Automatic;
				COMBINE_HIDPI_IMAGES = YES;
				CURRENT_PROJECT_VERSION = 1;
				DEVELOPMENT_ASSET_PATHS = "";
				DEVELOPMENT_TEAM = MDNVM5249A;
				ENABLE_APP_SANDBOX = YES;
				ENABLE_INCOMING_NETWORK_CONNECTIONS = NO;
				ENABLE_OUTGOING_NETWORK_CONNECTIONS = YES;
				ENABLE_PREVIEWS = YES;
				ENABLE_RESOURCE_ACCESS_AUDIO_INPUT = NO;
				ENABLE_RESOURCE_ACCESS_BLUETOOTH = NO;
				ENABLE_RESOURCE_ACCESS_CALENDARS = NO;
				ENABLE_RESOURCE_ACCESS_CAMERA = NO;
				ENABLE_RESOURCE_ACCESS_CONTACTS = NO;
				ENABLE_RESOURCE_ACCESS_LOCATION = NO;
				ENABLE_RESOURCE_ACCESS_PRINTING = NO;
				ENABLE_RESOURCE_ACCESS_USB = NO;
				ENABLE_USER_SELECTED_FILES = readonly;
				GENERATE_INFOPLIST_FILE = YES;
				INFOPLIST_KEY_CFBundleDisplayName = Navic;
				INFOPLIST_KEY_LSApplicationCategoryType = "public.app-category.utilities";
				INFOPLIST_KEY_NSAppleEventsUsageDescription = "Navic reads the currently playing track from the Music app when Apple Music is the selected source.";
				INFOPLIST_KEY_NSHumanReadableCopyright = "";
				LD_RUNPATH_SEARCH_PATHS = (
					"$(inherited)",
					"@executable_path/../Frameworks",
				);
				MACOSX_DEPLOYMENT_TARGET = 14.6;
				MARKETING_VERSION = 1.0;
				PRODUCT_BUNDLE_IDENTIFIER = com.freakware.navic;
				PRODUCT_NAME = "$(TARGET_NAME)";
				REGISTER_APP_GROUPS = YES;
				STRING_CATALOG_GENERATE_SYMBOLS = YES;
				SWIFT_APPROACHABLE_CONCURRENCY = YES;
				SWIFT_DEFAULT_ACTOR_ISOLATION = MainActor;
				SWIFT_EMIT_LOC_STRINGS = YES;
				SWIFT_UPCOMING_FEATURE_MEMBER_IMPORT_VISIBILITY = YES;
				SWIFT_VERSION = 5.0;
			};
			name = Release;
		};
		50922B4D2FCCA356009EE661 /* Debug */ = {
			isa = XCBuildConfiguration;
			buildSettings = {
				BUNDLE_LOADER = "$(TEST_HOST)";
				CODE_SIGN_STYLE = Automatic;
				CURRENT_PROJECT_VERSION = 1;
				DEVELOPMENT_TEAM = MDNVM5249A;
				GENERATE_INFOPLIST_FILE = YES;
				MACOSX_DEPLOYMENT_TARGET = 14.6;
				MARKETING_VERSION = 1.0;
				PRODUCT_BUNDLE_IDENTIFIER = com.freakware.navicTests;
				PRODUCT_NAME = "$(TARGET_NAME)";
				STRING_CATALOG_GENERATE_SYMBOLS = NO;
				SWIFT_APPROACHABLE_CONCURRENCY = YES;
				SWIFT_EMIT_LOC_STRINGS = NO;
				SWIFT_UPCOMING_FEATURE_MEMBER_IMPORT_VISIBILITY = YES;
				SWIFT_VERSION = 5.0;
				TEST_HOST = "$(BUILT_PRODUCTS_DIR)/navic.app/$(BUNDLE_EXECUTABLE_FOLDER_PATH)/navic";
			};
			name = Debug;
		};
		50922B4E2FCCA356009EE661 /* Release */ = {
			isa = XCBuildConfiguration;
			buildSettings = {
				BUNDLE_LOADER = "$(TEST_HOST)";
				CODE_SIGN_STYLE = Automatic;
				CURRENT_PROJECT_VERSION = 1;
				DEVELOPMENT_TEAM = MDNVM5249A;
				GENERATE_INFOPLIST_FILE = YES;
				MACOSX_DEPLOYMENT_TARGET = 14.6;
				MARKETING_VERSION = 1.0;
				PRODUCT_BUNDLE_IDENTIFIER = com.freakware.navicTests;
				PRODUCT_NAME = "$(TARGET_NAME)";
				STRING_CATALOG_GENERATE_SYMBOLS = NO;
				SWIFT_APPROACHABLE_CONCURRENCY = YES;
				SWIFT_EMIT_LOC_STRINGS = NO;
				SWIFT_UPCOMING_FEATURE_MEMBER_IMPORT_VISIBILITY = YES;
				SWIFT_VERSION = 5.0;
				TEST_HOST = "$(BUILT_PRODUCTS_DIR)/navic.app/$(BUNDLE_EXECUTABLE_FOLDER_PATH)/navic";
			};
			name = Release;
		};
/* End XCBuildConfiguration section */

/* Begin XCConfigurationList section */
		50922AC52FC97627009EE661 /* Build configuration list for PBXProject "navic" */ = {
			isa = XCConfigurationList;
			buildConfigurations = (
				50922AD32FC97629009EE661 /* Debug */,
				50922AD42FC97629009EE661 /* Release */,
			);
			defaultConfigurationIsVisible = 0;
			defaultConfigurationName = Release;
		};
		50922AD52FC97629009EE661 /* Build configuration list for PBXNativeTarget "navic" */ = {
			isa = XCConfigurationList;
			buildConfigurations = (
				50922AD62FC97629009EE661 /* Debug */,
				50922AD72FC97629009EE661 /* Release */,
			);
			defaultConfigurationIsVisible = 0;
			defaultConfigurationName = Release;
		};
		50922B4C2FCCA356009EE661 /* Build configuration list for PBXNativeTarget "navicTests" */ = {
			isa = XCConfigurationList;
			buildConfigurations = (
				50922B4D2FCCA356009EE661 /* Debug */,
				50922B4E2FCCA356009EE661 /* Release */,
			);
			defaultConfigurationIsVisible = 0;
			defaultConfigurationName = Release;
		};
/* End XCConfigurationList section */
	};
	rootObject = 50922AC22FC97627009EE661 /* Project object */;
}
